{
  "name": "IA",
  "lockfileVersion": 3,
  "requires": true,
  "packages": {
    "": {
      "dependencies": {
        "plotly.js-dist-min": "^2.26.1",
        "plotter": "^0.5.0"
      }
    },
    "node_modules/plotly.js-dist-min": {
      "version": "2.26.1",
      "resolved": "https://registry.npmjs.org/plotly.js-dist-min/-/plotly.js-dist-min-2.26.1.tgz",
      "integrity": "sha512-TLsRAMJyNUjmjZx/dh+JEN7S7yhfmsYWHXENPmrUX3Vu4Dfmu/hzB6b3MAHWtthMgQQNeNaLN80YcERXjKoeMA=="
    },
    "node_modules/plotter": {
      "version": "0.5.0",
      "resolved": "https://registry.npmjs.org/plotter/-/plotter-0.5.0.tgz",
      "integrity": "sha512-UfcEuL+xRYpFnjQ4uSU+3Pkn8aFOhLJGosLMp57L7LpwEBWjdeeI4Q5uZ7oLFZkrLobHCd5ln/th5/dh8aenPw==",
      "dependencies": {
        "underscore": "1.4.x"
      }
    },
    "node_modules/underscore": {
      "version": "1.4.4",
      "resolved": "https://registry.npmjs.org/underscore/-/underscore-1.4.4.tgz",
      "integrity": "sha512-ZqGrAgaqqZM7LGRzNjLnw5elevWb5M8LEoDMadxIW3OWbcv72wMMgKdwOKpd5Fqxe8choLD8HN3iSj3TUh/giQ=="
    }
  }
}
